[[package]]
name = "orjson"
version = "3.6.6"
description = "Fast, correct Python JSON library supporting dataclasses, datetimes, and numpy"
category = "main"
optional = false
python-versions = ">=3.7"

[metadata]
lock-version = "1.1"
python-versions = "^3.10"
content-hash = "25372e544ff66ebe82cde6763603109d10a7efc99f7ed02a2e68fa48f70f9a7e"

[metadata.files]
orjson = [
    {file = "orjson-3.6.6-cp310-cp310-macosx_10_7_x86_64.whl", hash = "sha256:e4a7cad6c63306318453980d302c7c0b74c0cc290dd1f433bbd7d31a5af90cf1"},
    {file = "orjson-3.6.6-cp310-cp310-macosx_10_9_x86_64.macosx_11_0_arm64.macosx_10_9_universal2.whl", hash = "sha256:e533941dca4a0530a876de32e54bf2fd3269cdec3751aebde7bfb5b5eba98e74"},
    {file = "orjson-3.6.6-cp310-cp310-manylinux_2_24_aarch64.whl", hash = "sha256:9adf63be386eaa34278967512b83ff8fc4bed036a246391ae236f68d23c47452"},
    {file = "orjson-3.6.6-cp310-cp310-manylinux_2_24_x86_64.whl", hash = "sha256:3b636753ae34d4619b11ea7d664a2f1e87e55e9738e5123e12bcce22acae9d13"},
    {file = "orjson-3.6.6-cp310-none-win_amd64.whl", hash = "sha256:78a10295ed048fd916c6584d6d27c232eae805a43e7c14be56e3745f784f0eb6"},
    {file = "orjson-3.6.6-cp37-cp37m-macosx_10_7_x86_64.whl", hash = "sha256:82b4f9fb2af7799b52932a62eac484083f930d5519560d6f64b24d66a368d03f"},
    {file = "orjson-3.6.6-cp37-cp37m-macosx_10_9_x86_64.macosx_11_0_arm64.macosx_10_9_universal2.whl", hash = "sha256:a0033d07309cc7d8b8c4bc5d42f0dd4422b53ceb91dee9f4086bb2afa70b7772"},
    {file = "orjson-3.6.6-cp37-cp37m-manylinux_2_17_x86_64.manylinux2014_x86_64.whl", hash = "sha256:2b321f99473116ab7c7c028377372f7b4adba4029aaca19cd567e83898f55579"},
    {file = "orjson-3.6.6-cp37-cp37m-manylinux_2_24_aarch64.whl", hash = "sha256:b9c98ed94f1688cc11b5c61b8eea39d854a1a2f09f71d8a5af005461b14994ed"},
    {file = "orjson-3.6.6-cp37-cp37m-manylinux_2_24_x86_64.whl", hash = "sha256:00b333a41392bd07a8603c42670547dbedf9b291485d773f90c6470eff435608"},
    {file = "orjson-3.6.6-cp37-none-win_amd64.whl", hash = "sha256:8d4fd3bdee65a81f2b79c50937d4b3c054e1e6bfa3fc72ed018a97c0c7c3d521"},
    {file = "orjson-3.6.6-cp38-cp38-macosx_10_7_x86_64.whl", hash = "sha256:954c9f8547247cd7a8c91094ff39c9fe314b5eaeaec90b7bfb7384a4108f416f"},
    {file = "orjson-3.6.6-cp38-cp38-macosx_10_9_x86_64.macosx_11_0_arm64.macosx_10_9_universal2.whl", hash = "sha256:74e5aed657ed0b91ef05d44d6a26d3e3e12ce4d2d71f75df41a477b05878c4a9"},
    {file = "orjson-3.6.6-cp38-cp38-manylinux_2_17_x86_64.manylinux2014_x86_64.whl", hash = "sha256:4008a5130e6e9c33abaa95e939e0e755175da10745740aa6968461b2f16830e2"},
    {file = "orjson-3.6.6-cp38-cp38-manylinux_2_24_aarch64.whl", hash = "sha256:012761d5f3d186deb4f6238f15e9ea7c1aac6deebc8f5b741ba3b4fafe017460"},
    {file = "orjson-3.6.6-cp38-cp38-manylinux_2_24_x86_64.whl", hash = "sha256:b464546718a940b48d095a98df4c04808bfa6c8706fe751fc3f9390bc2f82643"},
    {file = "orjson-3.6.6-cp38-none-win_amd64.whl", hash = "sha256:f10a800f4e5a4aab52076d4628e9e4dab9370bdd9d8ea254ebfde846b653ab25"},
    {file = "orjson-3.6.6-cp39-cp39-macosx_10_7_x86_64.whl", hash = "sha256:8010d2610cfab721725ef14d578c7071e946bbdae63322d8f7b49061cf3fde8d"},
    {file = "orjson-3.6.6-cp39-cp39-macosx_10_9_x86_64.macosx_11_0_arm64.macosx_10_9_universal2.whl", hash = "sha256:8dca67a4855e1e0f9a2ea0386e8db892708522e1171dc0ddf456932288fbae63"},
    {file = "orjson-3.6.6-cp39-cp39-manylinux_2_17_x86_64.manylinux2014_x86_64.whl", hash = "sha256:af065d60523139b99bd35b839c7a2d8c5da55df8a8c4402d2eb6cdc07fa7a624"},
    {file = "orjson-3.6.6-cp39-cp39-manylinux_2_24_aarch64.whl", hash = "sha256:fa1f389cc9f766ae0cf7ba3533d5089836b01a5ccb3f8d904297f1fcf3d9dc34"},
    {file = "orjson-3.6.6-cp39-cp39-manylinux_2_24_x86_64.whl", hash = "sha256:ec1221ad78f94d27b162a1d35672b62ef86f27f0e4c2b65051edb480cc86b286"},
    {file = "orjson-3.6.6-cp39-none-win_amd64.whl", hash = "sha256:afed2af55eeda1de6b3f1cbc93431981b19d380fcc04f6ed86e74c1913070304"},
    {file = "orjson-3.6.6.tar.gz", hash = "sha256:55dd988400fa7fbe0e31407c683f5aaab013b5bd967167b8fe058186773c4d6c"},
]
